
Microsoft Visual Studio Solution File, Format Version 12.00
# Visual Studio 15
VisualStudioVersion = 15.0.28307.271
MinimumVisualStudioVersion = 10.0.40219.1
Project("{FAE04EC0-301F-11D3-BF4B-00C04F79EFBC}") = "Foo", "Foo\Foo.csproj", "{8297F79F-48B9-4795-90AF-39A05DA66E6A}"
EndProject
Project("{FAE04EC0-301F-11D3-BF4B-00C04F79EFBC}") = "Foo.Tests", "Foo.Tests\Foo.Tests.csproj", "{9263A985-2614-4C33-9967-9053548436C0}"
EndProject
Global
	GlobalSection(SolutionConfigurationPlatforms) = preSolution
		Debug|Any CPU = Debug|Any CPU
		Release|Any CPU = Release|Any CPU
	EndGlobalSection
	GlobalSection(ProjectConfigurationPlatforms) = postSolution
		{8297F79F-48B9-4795-90AF-39A05DA66E6A}.Debug|Any CPU.ActiveCfg = Debug|Any CPU
		{8297F79F-48B9-4795-90AF-39A05DA66E6A}.Debug|Any CPU.Build.0 = Debug|Any CPU
		{8297F79F-48B9-4795-90AF-39A05DA66E6A}.Release|Any CPU.ActiveCfg = Release|Any CPU
		{8297F79F-48B9-4795-90AF-39A05DA66E6A}.Release|Any CPU.Build.0 = Release|Any CPU
		{9263A985-2614-4C33-9967-9053548436C0}.Debug|Any CPU.ActiveCfg = Debug|Any CPU
		{9263A985-2614-4C33-9967-9053548436C0}.Debug|Any CPU.Build.0 = Debug|Any CPU
		{9263A985-2614-4C33-9967-9053548436C0}.Release|Any CPU.ActiveCfg = Release|Any CPU
		{9263A985-2614-4C33-9967-9053548436C0}.Release|Any CPU.Build.0 = Release|Any CPU
	EndGlobalSection
	GlobalSection(SolutionProperties) = preSolution
		HideSolutionNode = FALSE
	EndGlobalSection
	GlobalSection(ExtensibilityGlobals) = postSolution
		SolutionGuid = {DCB3691D-863C-4216-8485-9CCC82396544}
	EndGlobalSection
EndGlobal
